{
  "version": 4,
  "terraform_version": "1.5.0",
  "serial": 490,
  "lineage": "324fa95f-2724-06e0-6688-0c3777589f27",
  "outputs": {
    "RDS": {
      "value": "address: my-db.cmlc6cm1gcou.us-west-2.rds.amazonaws.com",
      "type": "string"
    },
    "instance_private_ip": {
      "value": "10.0.2.226",
      "type": "string"
    },
    "jumphost_ip": {
      "value": "52.38.119.45",
      "type": "string"
    },
    "nat_gateway_ip": {
      "value": "44.242.82.147",
      "type": "string"
    },
    "ssh_private_key_pem": {
      "value": "-----BEGIN RSA PRIVATE KEY-----\nMIIJKQIBAAKCAgEA5VPUtbG4m45/9s5Q0TXCOvG+z2x171JU1AuD/oXPccur63p+\n+Mg6VggibOXSIseBQFodPVWM7gm6UWvd+rFTvGjdU/LtTMgLzyh9O43kUR+FcDZJ\n1cGN19Dl/F8ZsqIzmID30g4MvupiKCvrg6JXk918EpKNfx0MulZz5zkoQrUeb3qP\nGZO/9i2K0JzwJK2hWhg7L2YOH38Nm+ms3Zwze+Tt4gsbYYrWPskKak9U6/QtCV2+\n7yhxgpzKo7uUqypELDBBIWrkx+dxAiIJEic9ld/5TgBBUWao1t7zvKNyM7dEWT9+\nUHzsQQfXU37T8OgLvGwDtFwL/IeqRMiSFb2Yv7QlOJ1EXHHbR5O2bcKfkTmYf9W2\ne+F4OjWVVTnFiEnl5HzMSEpA8p/tJKXH/HqBGFtjnywCRAvQIG0ICx/W5xcLU/HC\nnLz3pQzKM0E78q8/osd7ah4p9asMgd5ZyZSfCT5Y6EdWUy0m9/SI5HAVJbc6wX7B\n0xpJCjNZfNxE6Z/VpegpakC57tQuq/1AO0Fol3G2Z4IVrZgzCLpAooo6rBTP2bo7\nhhvoU2cNXDYMXSzwKdraAn2jY7ltnT5Xlb65gd0xgNkEVZH9Kywd3xMrqs4HIfbW\n1apw8LjKnhM85HItc7Zbexb6hXfCNGkTaqekP1v73EhnCYn+LGw8zwf8oTMCAwEA\nAQKCAgEA5NAmFjwDBELEbw8gF/5Zk9KNHg0MBwPQ29m5k4UTnGkpWkTY14WAn0Jy\nhtEwP79ruTewoPfxK7jNDFxiGbZA5GaFHzPtjYS0M7gka/2BZ2faDkI8nWkIC+PE\n9XA2BcRNUsarfgzCruLRmV9pF+gtFb4SA73yLHhhsLJ95qFjCFwKyBQzH8QJ7qk2\nLjvIZ/BOY8R1mS9svARbIcufzWYDAIVEzRtj8IlEh1S0bapGAz+YiBXfYmSqDTZA\nAeoxxi7f4m8rLRqotsS4PvaSsmgwzI+zAh7DDWMu52WBMCCs2+jp61qsv8ZFPAWE\n1Sxgb6g3vYLQl26YDxmVzBeLmuGXuxt8+K6Ju2BPrN31IVRyw2bQVr7gSHausVn+\ndGsA47cWXzpQS3ZWdaH/dYjjt4zeEEc9l3CtG+g4mkeXWa4I0mRi+euvTd3Qa2m5\nR8DQ8ecozoGCx6mHYmeFaoUC7cdU8iurtUmguOCizIUELpu04CaZ1ya2t+rKfre3\nnGMb8/HP50uUKnd9Szx/48OtZG44S0WLBPxVg4c0gorj/DPcsw4qDN9JnyC+9aQk\nFedjGA69NXDtH7BMxWQ9j5m4Y00wSQ5KoeCe+aJDj0jZHZYb3Vdz4dQ/y6TWv5p7\nxYcOxJPY6HMisIjzfm4GFTmNo5nR79rYBXVRy5D7kz5YfTqJWmECggEBAPbFQW77\n8g+ZcDu4k0/leW6txbrIVkEzJqSfqIu0my8i8Lx3Bf52F2Oeg6nx+RD3cONhCAxB\nGjV0tLtgJ60dEnurBQENrlFnFzhvbutoM6T3y2EIhfRK3JdKTHrEkPlWvrbGQCxI\nlpxX8P01eNSHfC8DNBo4T6bXeR4SFQ3HgLEaLSUBa6k5jgpRtdHTYZDa8A9ttZLN\n+hiHAKccI+AZqbjdYILgDQzsC1zbR5VbDT3xa/aV5HbN9LxRfM1I+9OGJjjpQLch\nPPLy/qdY/kfemY6J0Q0bKHY5f/o12plBwyV0OYemO5NxLoZ94YTc8Bfh3VO+TKPR\nAFX4a82O5znAEBsCggEBAO3nkFgf3VfG0AArxVkdZJMhK5hwsr3IwKD5ACo4bOms\n3te5E3Jw+gFl8L76DYa4ryUVbS+RoiWkIKirIgcH6LWh6gyBj5JaY7Yw3vbq64mN\nt5X8t5gk8Pn7sCEn43Z2kWtis8xi3Ju5k5Oz5wIKoPHXzQhHBubnAIyjJgZA31qB\nFluNcmfld7clKRTk2AP8gx3DU1f66dfyVmxs4ttsOFXd5nJQmnGod9pdExpZsoVj\nPwfHzoQQZOxbns/YrCQELHzQDWm1NDGGheNUaDdPNwW3JJxV6UXXGVuC40VIx/Mm\nqEt2gg/ZVS6+34jJeT2L9VF1cTXjppT/6xD3Wh5ntMkCggEAYUVF0qKbOsznsZLC\n9oZkxFzZCRQ488Be5htNC6yoUv8514AvK6uO8qSkD5Qi8i4nIGm6C2KKGzIin416\ndkF0bKzv7wdehBXX0FYUadSMLuXCFECQ1MfBhh0yYl4jKzWnPVKOLyZ5v6zmgFjY\nhSXWrI1dt0wlEYXz5weHpwPR1X2U9/ZEYtMeCzFEMy5YUgoLAHnlTbXFdG+asURl\nW8uh3A3fIheA7WwJ2pNQ9y2J3bXRMcTJ5o6ufqC8SgsPwMQrQtmmucjvRnDEMmDg\n8qFq9AWdEsZ2v4tQx+b8gNasPpI+rxq2dxrxFPB/uaiBN1i/rmffu98Be+HNVJyU\nxm3PqwKCAQB0pTYjzzPSptszSkLPx9aZQQlEC/XHkdfI1W2cReA4zpbQhKEhWn1q\nFBZvPOFG7eSKNTA8w5YSCKAuswHTGrCh5cqA6UGAy6raGKopvNNRtVePRcKq6Wnx\n19Lq3sjrO4VfdpybmNl7zQirweiBGr8A9QNFjLW4nwio7BFnvYUFtgdFSlwOzvbc\nqG61HONBSRzsiemiWJcxV1PCg7zTQwN4Ln2gDR88nRJu0XXdVJ9wQVIVOYVrQTKK\npP2AAUedvSIm7Ee3Ta5Snheld6xFeiSLO9nKgWEH6kg3kzxlqyLGeGzJ20g4ByJ5\n8gJd6hL091uH3iJs/rqdkcEqp2zbPZPpAoIBAQDI5yUdxruM4Md/fbt8hWvITeKi\nJw0XuEct44RO8K/m+RokkG8I3H34dJdFKizdAeoxNJqw8xT61oePGhn+N8r+HoZI\n1gvwrYucIc0jUT2zGQ5OHVm7Fp4t0YljmeaIdBI0Inpd+hvKjBh/Y/l1Y6PbnAwP\noj5rL7Up2zG/9QnRpRKzJ43LrQhD4jjF38CM3Q9gw6o/BXgycLhHeab7BYb/aFWi\nlWgV7AjCUaYfwWjaAwL8iNjJH4BkmVZIX4mttWSg6JguAfWFtBBxkimwzO1usLJ1\nk6NjvHcwau5FBJWGwwQaRcywAOxi7Kp8BFopOcLO3c4LbDCrLXAryGHyJCMI\n-----END RSA PRIVATE KEY-----\n",
      "type": "string",
      "sensitive": true
    },
    "ssh_public_key_pem": {
      "value": "-----BEGIN PUBLIC KEY-----\nMIICIjANBgkqhkiG9w0BAQEFAAOCAg8AMIICCgKCAgEA5VPUtbG4m45/9s5Q0TXC\nOvG+z2x171JU1AuD/oXPccur63p++Mg6VggibOXSIseBQFodPVWM7gm6UWvd+rFT\nvGjdU/LtTMgLzyh9O43kUR+FcDZJ1cGN19Dl/F8ZsqIzmID30g4MvupiKCvrg6JX\nk918EpKNfx0MulZz5zkoQrUeb3qPGZO/9i2K0JzwJK2hWhg7L2YOH38Nm+ms3Zwz\ne+Tt4gsbYYrWPskKak9U6/QtCV2+7yhxgpzKo7uUqypELDBBIWrkx+dxAiIJEic9\nld/5TgBBUWao1t7zvKNyM7dEWT9+UHzsQQfXU37T8OgLvGwDtFwL/IeqRMiSFb2Y\nv7QlOJ1EXHHbR5O2bcKfkTmYf9W2e+F4OjWVVTnFiEnl5HzMSEpA8p/tJKXH/HqB\nGFtjnywCRAvQIG0ICx/W5xcLU/HCnLz3pQzKM0E78q8/osd7ah4p9asMgd5ZyZSf\nCT5Y6EdWUy0m9/SI5HAVJbc6wX7B0xpJCjNZfNxE6Z/VpegpakC57tQuq/1AO0Fo\nl3G2Z4IVrZgzCLpAooo6rBTP2bo7hhvoU2cNXDYMXSzwKdraAn2jY7ltnT5Xlb65\ngd0xgNkEVZH9Kywd3xMrqs4HIfbW1apw8LjKnhM85HItc7Zbexb6hXfCNGkTaqek\nP1v73EhnCYn+LGw8zwf8oTMCAwEAAQ==\n-----END PUBLIC KEY-----\n",
      "type": "string"
    }
  },
  "resources": [
    {
      "mode": "data",
      "type": "aws_availability_zones",
      "name": "available",
      "provider": "provider[\"registry.terraform.io/hashicorp/aws\"]",
      "instances": [
        {
          "schema_version": 0,
          "attributes": {
            "all_availability_zones": null,
            "exclude_names": null,
            "exclude_zone_ids": null,
            "filter": null,
            "group_names": [
              "us-west-2"
            ],
            "id": "us-west-2",
            "names": [
              "us-west-2a",
              "us-west-2b",
              "us-west-2c",
              "us-west-2d"
            ],
            "state": null,
            "timeouts": null,
            "zone_ids": [
              "usw2-az2",
              "usw2-az1",
              "usw2-az3",
              "usw2-az4"
            ]
          },
          "sensitive_attributes": []
        }
      ]
    },
    {
      "mode": "data",
      "type": "aws_iam_policy_document",
      "name": "ecs_agent",
      "provider": "provider[\"registry.terraform.io/hashicorp/aws\"]",
      "instances": [
        {
          "schema_version": 0,
          "attributes": {
            "id": "1077804475",
            "json": "{\n  \"Version\": \"2012-10-17\",\n  \"Statement\": [\n    {\n      \"Effect\": \"Allow\",\n      \"Action\": \"sts:AssumeRole\",\n      \"Principal\": {\n        \"Service\": \"ecs-tasks.amazonaws.com\"\n      }\n    }\n  ]\n}",
            "override_policy_documents": null,
            "policy_id": null,
            "source_policy_documents": null,
            "statement": [
              {
                "actions": [
                  "sts:AssumeRole"
                ],
                "condition": [],
                "effect": "Allow",
                "not_actions": [],
                "not_principals": [],
                "not_resources": [],
                "principals": [
                  {
                    "identifiers": [
                      "ecs-tasks.amazonaws.com"
                    ],
                    "type": "Service"
                  }
                ],
                "resources": [],
                "sid": ""
              }
            ],
            "version": "2012-10-17"
          },
          "sensitive_attributes": []
        }
      ]
    },
    {
      "mode": "data",
      "type": "template_file",
      "name": "user_data",
      "provider": "provider[\"registry.terraform.io/hashicorp/template\"]",
      "instances": [
        {
          "schema_version": 0,
          "attributes": {
            "filename": null,
            "id": "d5fc5e007f2ee64f087bbd81f91207c405784d9ca32ebb462c4e707154a7be1f",
            "rendered": "#!/bin/bash\n\n# Update all packages\n\nsudo yum update -y\nsudo yum install -y ecs-init\nsudo yum install -y postgresql15-server\nsudo service docker start\nsudo service ecs start\n\n#Adding cluster name in ecs config\necho ECS_CLUSTER=my-cluster \u003e\u003e /etc/ecs/ecs.config\ncat /etc/ecs/ecs.config | grep \"ECS_CLUSTER\"",
            "template": "#!/bin/bash\n\n# Update all packages\n\nsudo yum update -y\nsudo yum install -y ecs-init\nsudo yum install -y postgresql15-server\nsudo service docker start\nsudo service ecs start\n\n#Adding cluster name in ecs config\necho ECS_CLUSTER=my-cluster \u003e\u003e /etc/ecs/ecs.config\ncat /etc/ecs/ecs.config | grep \"ECS_CLUSTER\"",
            "vars": null
          },
          "sensitive_attributes": []
        }
      ]
    },
    {
      "mode": "managed",
      "type": "aws_db_instance",
      "name": "db",
      "provider": "provider[\"registry.terraform.io/hashicorp/aws\"]",
      "instances": [
        {
          "schema_version": 2,
          "attributes": {
            "address": "my-db.cmlc6cm1gcou.us-west-2.rds.amazonaws.com",
            "allocated_storage": 5,
            "allow_major_version_upgrade": null,
            "apply_immediately": false,
            "arn": "arn:aws:rds:us-west-2:953610586681:db:my-db",
            "auto_minor_version_upgrade": true,
            "availability_zone": "us-west-2a",
            "backup_retention_period": 0,
            "backup_window": "09:53-10:23",
            "blue_green_update": [],
            "ca_cert_identifier": "rds-ca-2019",
            "character_set_name": "",
            "copy_tags_to_snapshot": false,
            "custom_iam_instance_profile": "",
            "customer_owned_ip_enabled": false,
            "db_name": "my_db",
            "db_subnet_group_name": "rds subnet group",
            "delete_automated_backups": true,
            "deletion_protection": false,
            "domain": "",
            "domain_iam_role_name": "",
            "enabled_cloudwatch_logs_exports": null,
            "endpoint": "my-db.cmlc6cm1gcou.us-west-2.rds.amazonaws.com:5432",
            "engine": "postgres",
            "engine_version": "14",
            "engine_version_actual": "14.7",
            "final_snapshot_identifier": null,
            "hosted_zone_id": "Z1PVIF0B656C1W",
            "iam_database_authentication_enabled": false,
            "id": "db-EUZQ3GMAQKYE2AEQJZ5UP4UKYQ",
            "identifier": "my-db",
            "identifier_prefix": "",
            "instance_class": "db.t3.micro",
            "iops": 0,
            "kms_key_id": "",
            "latest_restorable_time": "",
            "license_model": "postgresql-license",
            "listener_endpoint": [],
            "maintenance_window": "sat:13:18-sat:13:48",
            "manage_master_user_password": true,
            "master_user_secret": [
              {
                "kms_key_id": "arn:aws:kms:us-west-2:953610586681:key/6f26fdb1-78dc-4aba-a510-ad1e6373ad5d",
                "secret_arn": "arn:aws:secretsmanager:us-west-2:953610586681:secret:rds!db-5fd61dfd-d34e-40a5-9e51-0fc80920a177-UzZP4v",
                "secret_status": "active"
              }
            ],
            "master_user_secret_kms_key_id": "6f26fdb1-78dc-4aba-a510-ad1e6373ad5d",
            "max_allocated_storage": 0,
            "monitoring_interval": 0,
            "monitoring_role_arn": "",
            "multi_az": false,
            "nchar_character_set_name": "",
            "network_type": "IPV4",
            "option_group_name": "default:postgres-14",
            "parameter_group_name": "default.postgres14",
            "password": null,
            "performance_insights_enabled": false,
            "performance_insights_kms_key_id": "",
            "performance_insights_retention_period": 0,
            "port": 5432,
            "publicly_accessible": false,
            "replica_mode": "",
            "replicas": [],
            "replicate_source_db": "",
            "resource_id": "db-EUZQ3GMAQKYE2AEQJZ5UP4UKYQ",
            "restore_to_point_in_time": [],
            "s3_import": [],
            "skip_final_snapshot": true,
            "snapshot_identifier": null,
            "status": "available",
            "storage_encrypted": false,
            "storage_throughput": 0,
            "storage_type": "gp2",
            "tags": null,
            "tags_all": {},
            "timeouts": null,
            "timezone": "",
            "username": "posgresuser",
            "vpc_security_group_ids": [
              "sg-059815b9cedc85526"
            ]
          },
          "sensitive_attributes": [],
          "private": "eyJlMmJmYjczMC1lY2FhLTExZTYtOGY4OC0zNDM2M2JjN2M0YzAiOnsiY3JlYXRlIjoyNDAwMDAwMDAwMDAwLCJkZWxldGUiOjM2MDAwMDAwMDAwMDAsInVwZGF0ZSI6NDgwMDAwMDAwMDAwMH0sInNjaGVtYV92ZXJzaW9uIjoiMiJ9",
          "dependencies": [
            "aws_db_subnet_group.db-subnet-group",
            "aws_kms_key.example",
            "aws_security_group.rds_security_group",
            "data.aws_availability_zones.available"
          ]
        }
      ]
    },
    {
      "mode": "managed",
      "type": "aws_db_subnet_group",
      "name": "db-subnet-group",
      "provider": "provider[\"registry.terraform.io/hashicorp/aws\"]",
      "instances": [
        {
          "schema_version": 0,
          "attributes": {
            "arn": "arn:aws:rds:us-west-2:953610586681:subgrp:rds subnet group",
            "description": "Managed by Terraform",
            "id": "rds subnet group",
            "name": "rds subnet group",
            "name_prefix": "",
            "subnet_ids": [
              "subnet-01dcf350144692dc4",
              "subnet-0756a53d470e632a9"
            ],
            "supported_network_types": [
              "IPV4"
            ],
            "tags": {},
            "tags_all": {},
            "vpc_id": "vpc-0d2f22d05573d6c19"
          },
          "sensitive_attributes": [],
          "private": "bnVsbA==",
          "dependencies": [
            "aws_subnet.private-subnet-1",
            "aws_subnet.private-subnet-2",
            "aws_vpc.my-vpc",
            "data.aws_availability_zones.available"
          ]
        }
      ]
    },
    {
      "mode": "managed",
      "type": "aws_eip",
      "name": "jumphost",
      "provider": "provider[\"registry.terraform.io/hashicorp/aws\"]",
      "instances": [
        {
          "schema_version": 0,
          "attributes": {
            "address": null,
            "allocation_id": "eipalloc-08f842516d9fe22e3",
            "associate_with_private_ip": null,
            "association_id": "eipassoc-046426f7864edc7f6",
            "carrier_ip": "",
            "customer_owned_ip": "",
            "customer_owned_ipv4_pool": "",
            "domain": "vpc",
            "id": "eipalloc-08f842516d9fe22e3",
            "instance": "i-04612123d0457886a",
            "network_border_group": "us-west-2",
            "network_interface": "eni-0622cc25bd8491862",
            "private_dns": "ip-10-0-1-114.us-west-2.compute.internal",
            "private_ip": "10.0.1.114",
            "public_dns": "ec2-52-38-119-45.us-west-2.compute.amazonaws.com",
            "public_ip": "52.38.119.45",
            "public_ipv4_pool": "amazon",
            "tags": {},
            "tags_all": {},
            "timeouts": null,
            "vpc": true
          },
          "sensitive_attributes": [],
          "private": "eyJlMmJmYjczMC1lY2FhLTExZTYtOGY4OC0zNDM2M2JjN2M0YzAiOnsiZGVsZXRlIjoxODAwMDAwMDAwMDAsInJlYWQiOjkwMDAwMDAwMDAwMCwidXBkYXRlIjozMDAwMDAwMDAwMDB9fQ==",
          "dependencies": [
            "aws_instance.ec2jumphost",
            "aws_key_pair.my-ssh-key",
            "aws_security_group.security-group",
            "aws_subnet.public-subnet"
          ]
        }
      ]
    },
    {
      "mode": "managed",
      "type": "aws_eip",
      "name": "nat_gateway",
      "provider": "provider[\"registry.terraform.io/hashicorp/aws\"]",
      "instances": [
        {
          "schema_version": 0,
          "attributes": {
            "address": null,
            "allocation_id": "eipalloc-0278637622bd0572d",
            "associate_with_private_ip": null,
            "association_id": "eipassoc-0058b4c7d9f514455",
            "carrier_ip": "",
            "customer_owned_ip": "",
            "customer_owned_ipv4_pool": "",
            "domain": "vpc",
            "id": "eipalloc-0278637622bd0572d",
            "instance": "",
            "network_border_group": "us-west-2",
            "network_interface": "eni-0a72844884be6e400",
            "private_dns": "ip-10-0-1-219.us-west-2.compute.internal",
            "private_ip": "10.0.1.219",
            "public_dns": "ec2-44-242-82-147.us-west-2.compute.amazonaws.com",
            "public_ip": "44.242.82.147",
            "public_ipv4_pool": "amazon",
            "tags": {},
            "tags_all": {},
            "timeouts": null,
            "vpc": true
          },
          "sensitive_attributes": [],
          "private": "eyJlMmJmYjczMC1lY2FhLTExZTYtOGY4OC0zNDM2M2JjN2M0YzAiOnsiZGVsZXRlIjoxODAwMDAwMDAwMDAsInJlYWQiOjkwMDAwMDAwMDAwMCwidXBkYXRlIjozMDAwMDAwMDAwMDB9fQ=="
        }
      ]
    },
    {
      "mode": "managed",
      "type": "aws_iam_instance_profile",
      "name": "ecs_agent",
      "provider": "provider[\"registry.terraform.io/hashicorp/aws\"]",
      "instances": [
        {
          "schema_version": 0,
          "attributes": {
            "arn": "arn:aws:iam::953610586681:instance-profile/ecs-agent",
            "create_date": "2023-07-12T05:29:34Z",
            "id": "ecs-agent",
            "name": "ecs-agent",
            "name_prefix": "",
            "path": "/",
            "role": "ecs-agent",
            "tags": {},
            "tags_all": {},
            "unique_id": "AIPA54B46ZI4Q2APZH6CE"
          },
          "sensitive_attributes": [],
          "private": "bnVsbA==",
          "dependencies": [
            "aws_iam_role.ecs_agent",
            "data.aws_iam_policy_document.ecs_agent"
          ]
        }
      ]
    },
    {
      "mode": "managed",
      "type": "aws_iam_role",
      "name": "ecs_agent",
      "provider": "provider[\"registry.terraform.io/hashicorp/aws\"]",
      "instances": [
        {
          "schema_version": 0,
          "attributes": {
            "arn": "arn:aws:iam::953610586681:role/ecs-agent",
            "assume_role_policy": "{\"Statement\":[{\"Action\":\"sts:AssumeRole\",\"Effect\":\"Allow\",\"Principal\":{\"Service\":\"ecs-tasks.amazonaws.com\"}}],\"Version\":\"2012-10-17\"}",
            "create_date": "2023-07-12T05:29:33Z",
            "description": "",
            "force_detach_policies": false,
            "id": "ecs-agent",
            "inline_policy": [],
            "managed_policy_arns": [
              "arn:aws:iam::aws:policy/service-role/AmazonEC2ContainerServiceforEC2Role"
            ],
            "max_session_duration": 3600,
            "name": "ecs-agent",
            "name_prefix": "",
            "path": "/",
            "permissions_boundary": null,
            "tags": {},
            "tags_all": {},
            "unique_id": "AROA54B46ZI4VLOI63DCB"
          },
          "sensitive_attributes": [],
          "private": "bnVsbA==",
          "dependencies": [
            "data.aws_iam_policy_document.ecs_agent"
          ]
        }
      ]
    },
    {
      "mode": "managed",
      "type": "aws_iam_role_policy_attachment",
      "name": "ecs_agent",
      "provider": "provider[\"registry.terraform.io/hashicorp/aws\"]",
      "instances": [
        {
          "schema_version": 0,
          "attributes": {
            "id": "ecs-agent-20230712052934323000000001",
            "policy_arn": "arn:aws:iam::aws:policy/service-role/AmazonEC2ContainerServiceforEC2Role",
            "role": "ecs-agent"
          },
          "sensitive_attributes": [],
          "private": "bnVsbA==",
          "dependencies": [
            "aws_iam_role.ecs_agent",
            "data.aws_iam_policy_document.ecs_agent"
          ]
        }
      ]
    },
    {
      "mode": "managed",
      "type": "aws_instance",
      "name": "ec2instance",
      "provider": "provider[\"registry.terraform.io/hashicorp/aws\"]",
      "instances": [
        {
          "schema_version": 1,
          "attributes": {
            "ami": "ami-0ab193018f3e9351b",
            "arn": "arn:aws:ec2:us-west-2:953610586681:instance/i-01681d764d840b61e",
            "associate_public_ip_address": false,
            "availability_zone": "us-west-2a",
            "capacity_reservation_specification": [
              {
                "capacity_reservation_preference": "open",
                "capacity_reservation_target": []
              }
            ],
            "cpu_core_count": 1,
            "cpu_options": [
              {
                "amd_sev_snp": "",
                "core_count": 1,
                "threads_per_core": 1
              }
            ],
            "cpu_threads_per_core": 1,
            "credit_specification": [
              {
                "cpu_credits": "standard"
              }
            ],
            "disable_api_stop": false,
            "disable_api_termination": false,
            "ebs_block_device": [],
            "ebs_optimized": false,
            "enclave_options": [
              {
                "enabled": false
              }
            ],
            "ephemeral_block_device": [],
            "get_password_data": false,
            "hibernation": false,
            "host_id": "",
            "host_resource_group_arn": null,
            "iam_instance_profile": "ecs-agent",
            "id": "i-01681d764d840b61e",
            "instance_initiated_shutdown_behavior": "stop",
            "instance_lifecycle": "",
            "instance_market_options": [],
            "instance_state": "running",
            "instance_type": "t2.micro",
            "ipv6_address_count": 0,
            "ipv6_addresses": [],
            "key_name": "my-key",
            "launch_template": [],
            "maintenance_options": [
              {
                "auto_recovery": "default"
              }
            ],
            "metadata_options": [
              {
                "http_endpoint": "enabled",
                "http_put_response_hop_limit": 2,
                "http_tokens": "required",
                "instance_metadata_tags": "disabled"
              }
            ],
            "monitoring": false,
            "network_interface": [],
            "outpost_arn": "",
            "password_data": "",
            "placement_group": "",
            "placement_partition_number": 0,
            "primary_network_interface_id": "eni-00c5c464b06fed151",
            "private_dns": "ip-10-0-2-226.us-west-2.compute.internal",
            "private_dns_name_options": [
              {
                "enable_resource_name_dns_a_record": false,
                "enable_resource_name_dns_aaaa_record": false,
                "hostname_type": "ip-name"
              }
            ],
            "private_ip": "10.0.2.226",
            "public_dns": "",
            "public_ip": "",
            "root_block_device": [
              {
                "delete_on_termination": true,
                "device_name": "/dev/xvda",
                "encrypted": false,
                "iops": 100,
                "kms_key_id": "",
                "tags": null,
                "throughput": 0,
                "volume_id": "vol-0ee77c9494ea5ab08",
                "volume_size": 8,
                "volume_type": "gp2"
              }
            ],
            "secondary_private_ips": [],
            "security_groups": [
              "sg-0d90ef9b9a7c1abbb"
            ],
            "source_dest_check": true,
            "spot_instance_request_id": "",
            "subnet_id": "subnet-01dcf350144692dc4",
            "tags": null,
            "tags_all": {},
            "tenancy": "default",
            "timeouts": null,
            "user_data": "8ef675556ffdb07ef9c81963ba06d73ebe3eed96",
            "user_data_base64": null,
            "user_data_replace_on_change": false,
            "volume_tags": null,
            "vpc_security_group_ids": [
              "sg-0d90ef9b9a7c1abbb"
            ]
          },
          "sensitive_attributes": [],
          "private": "eyJlMmJmYjczMC1lY2FhLTExZTYtOGY4OC0zNDM2M2JjN2M0YzAiOnsiY3JlYXRlIjo2MDAwMDAwMDAwMDAsImRlbGV0ZSI6MTIwMDAwMDAwMDAwMCwidXBkYXRlIjo2MDAwMDAwMDAwMDB9LCJzY2hlbWFfdmVyc2lvbiI6IjEifQ==",
          "dependencies": [
            "aws_iam_instance_profile.ecs_agent",
            "aws_key_pair.my-ssh-key",
            "aws_security_group.security-group",
            "aws_subnet.private-subnet-1",
            "data.template_file.user_data"
          ]
        }
      ]
    },
    {
      "mode": "managed",
      "type": "aws_instance",
      "name": "ec2jumphost",
      "provider": "provider[\"registry.terraform.io/hashicorp/aws\"]",
      "instances": [
        {
          "schema_version": 1,
          "attributes": {
            "ami": "ami-0ab193018f3e9351b",
            "arn": "arn:aws:ec2:us-west-2:953610586681:instance/i-04612123d0457886a",
            "associate_public_ip_address": false,
            "availability_zone": "us-west-2a",
            "capacity_reservation_specification": [
              {
                "capacity_reservation_preference": "open",
                "capacity_reservation_target": []
              }
            ],
            "cpu_core_count": 1,
            "cpu_options": [
              {
                "amd_sev_snp": "",
                "core_count": 1,
                "threads_per_core": 1
              }
            ],
            "cpu_threads_per_core": 1,
            "credit_specification": [
              {
                "cpu_credits": "standard"
              }
            ],
            "disable_api_stop": false,
            "disable_api_termination": false,
            "ebs_block_device": [],
            "ebs_optimized": false,
            "enclave_options": [
              {
                "enabled": false
              }
            ],
            "ephemeral_block_device": [],
            "get_password_data": false,
            "hibernation": false,
            "host_id": "",
            "host_resource_group_arn": null,
            "iam_instance_profile": "",
            "id": "i-04612123d0457886a",
            "instance_initiated_shutdown_behavior": "stop",
            "instance_lifecycle": "",
            "instance_market_options": [],
            "instance_state": "running",
            "instance_type": "t2.micro",
            "ipv6_address_count": 0,
            "ipv6_addresses": [],
            "key_name": "my-key",
            "launch_template": [],
            "maintenance_options": [
              {
                "auto_recovery": "default"
              }
            ],
            "metadata_options": [
              {
                "http_endpoint": "enabled",
                "http_put_response_hop_limit": 2,
                "http_tokens": "required",
                "instance_metadata_tags": "disabled"
              }
            ],
            "monitoring": false,
            "network_interface": [],
            "outpost_arn": "",
            "password_data": "",
            "placement_group": "",
            "placement_partition_number": 0,
            "primary_network_interface_id": "eni-0622cc25bd8491862",
            "private_dns": "ip-10-0-1-114.us-west-2.compute.internal",
            "private_dns_name_options": [
              {
                "enable_resource_name_dns_a_record": false,
                "enable_resource_name_dns_aaaa_record": false,
                "hostname_type": "ip-name"
              }
            ],
            "private_ip": "10.0.1.114",
            "public_dns": "",
            "public_ip": "",
            "root_block_device": [
              {
                "delete_on_termination": true,
                "device_name": "/dev/xvda",
                "encrypted": false,
                "iops": 100,
                "kms_key_id": "",
                "tags": null,
                "throughput": 0,
                "volume_id": "vol-00fe686451536eda2",
                "volume_size": 8,
                "volume_type": "gp2"
              }
            ],
            "secondary_private_ips": [],
            "security_groups": [
              "sg-0d90ef9b9a7c1abbb"
            ],
            "source_dest_check": true,
            "spot_instance_request_id": "",
            "subnet_id": "subnet-0827161d04bbc6065",
            "tags": null,
            "tags_all": {},
            "tenancy": "default",
            "timeouts": null,
            "user_data": null,
            "user_data_base64": null,
            "user_data_replace_on_change": false,
            "volume_tags": null,
            "vpc_security_group_ids": [
              "sg-0d90ef9b9a7c1abbb"
            ]
          },
          "sensitive_attributes": [],
          "private": "eyJlMmJmYjczMC1lY2FhLTExZTYtOGY4OC0zNDM2M2JjN2M0YzAiOnsiY3JlYXRlIjo2MDAwMDAwMDAwMDAsImRlbGV0ZSI6MTIwMDAwMDAwMDAwMCwidXBkYXRlIjo2MDAwMDAwMDAwMDB9LCJzY2hlbWFfdmVyc2lvbiI6IjEifQ==",
          "dependencies": [
            "aws_key_pair.my-ssh-key",
            "aws_security_group.security-group",
            "aws_subnet.public-subnet"
          ]
        }
      ]
    },
    {
      "mode": "managed",
      "type": "aws_internet_gateway",
      "name": "nat-gateway",
      "provider": "provider[\"registry.terraform.io/hashicorp/aws\"]",
      "instances": [
        {
          "schema_version": 0,
          "attributes": {
            "arn": "arn:aws:ec2:us-west-2:953610586681:internet-gateway/igw-04c926ef7e29709d8",
            "id": "igw-04c926ef7e29709d8",
            "owner_id": "953610586681",
            "tags": {},
            "tags_all": {},
            "timeouts": null,
            "vpc_id": "vpc-0d2f22d05573d6c19"
          },
          "sensitive_attributes": [],
          "private": "eyJlMmJmYjczMC1lY2FhLTExZTYtOGY4OC0zNDM2M2JjN2M0YzAiOnsiY3JlYXRlIjoxMjAwMDAwMDAwMDAwLCJkZWxldGUiOjEyMDAwMDAwMDAwMDAsInVwZGF0ZSI6MTIwMDAwMDAwMDAwMH19",
          "dependencies": [
            "aws_vpc.my-vpc"
          ]
        }
      ]
    },
    {
      "mode": "managed",
      "type": "aws_key_pair",
      "name": "my-ssh-key",
      "provider": "provider[\"registry.terraform.io/hashicorp/aws\"]",
      "instances": [
        {
          "schema_version": 1,
          "attributes": {
            "arn": "arn:aws:ec2:us-west-2:953610586681:key-pair/my-key",
            "fingerprint": "19:60:b7:1d:d2:5f:a6:01:ad:3c:de:8d:7c:64:73:07",
            "id": "my-key",
            "key_name": "my-key",
            "key_name_prefix": "",
            "key_pair_id": "key-01bb5724e12f4e7b3",
            "key_type": "rsa",
            "public_key": "ssh-rsa AAAAB3NzaC1yc2EAAAADAQABAAACAQDlU9S1sbibjn/2zlDRNcI68b7PbHXvUlTUC4P+hc9xy6vren74yDpWCCJs5dIix4FAWh09VYzuCbpRa936sVO8aN1T8u1MyAvPKH07jeRRH4VwNknVwY3X0OX8XxmyojOYgPfSDgy+6mIoK+uDoleT3XwSko1/HQy6VnPnOShCtR5veo8Zk7/2LYrQnPAkraFaGDsvZg4ffw2b6azdnDN75O3iCxthitY+yQpqT1Tr9C0JXb7vKHGCnMqju5SrKkQsMEEhauTH53ECIgkSJz2V3/lOAEFRZqjW3vO8o3Izt0RZP35QfOxBB9dTftPw6Au8bAO0XAv8h6pEyJIVvZi/tCU4nURccdtHk7Ztwp+ROZh/1bZ74Xg6NZVVOcWISeXkfMxISkDyn+0kpcf8eoEYW2OfLAJEC9AgbQgLH9bnFwtT8cKcvPelDMozQTvyrz+ix3tqHin1qwyB3lnJlJ8JPljoR1ZTLSb39IjkcBUltzrBfsHTGkkKM1l83ETpn9Wl6ClqQLnu1C6r/UA7QWiXcbZnghWtmDMIukCiijqsFM/ZujuGG+hTZw1cNgxdLPAp2toCfaNjuW2dPleVvrmB3TGA2QRVkf0rLB3fEyuqzgch9tbVqnDwuMqeEzzkci1ztlt7FvqFd8I0aRNqp6Q/W/vcSGcJif4sbDzPB/yhMw==",
            "tags": {},
            "tags_all": {}
          },
          "sensitive_attributes": [],
          "private": "eyJzY2hlbWFfdmVyc2lvbiI6IjEifQ==",
          "dependencies": [
            "tls_private_key.ssh"
          ]
        }
      ]
    },
    {
      "mode": "managed",
      "type": "aws_kms_key",
      "name": "example",
      "provider": "provider[\"registry.terraform.io/hashicorp/aws\"]",
      "instances": [
        {
          "schema_version": 0,
          "attributes": {
            "arn": "arn:aws:kms:us-west-2:953610586681:key/6f26fdb1-78dc-4aba-a510-ad1e6373ad5d",
            "bypass_policy_lockout_safety_check": false,
            "custom_key_store_id": "",
            "customer_master_key_spec": "SYMMETRIC_DEFAULT",
            "deletion_window_in_days": null,
            "description": "Example KMS Key",
            "enable_key_rotation": false,
            "id": "6f26fdb1-78dc-4aba-a510-ad1e6373ad5d",
            "is_enabled": true,
            "key_id": "6f26fdb1-78dc-4aba-a510-ad1e6373ad5d",
            "key_usage": "ENCRYPT_DECRYPT",
            "multi_region": false,
            "policy": "{\"Id\":\"key-default-1\",\"Statement\":[{\"Action\":\"kms:*\",\"Effect\":\"Allow\",\"Principal\":{\"AWS\":\"arn:aws:iam::953610586681:root\"},\"Resource\":\"*\",\"Sid\":\"Enable IAM User Permissions\"}],\"Version\":\"2012-10-17\"}",
            "tags": {},
            "tags_all": {}
          },
          "sensitive_attributes": [],
          "private": "bnVsbA=="
        }
      ]
    },
    {
      "mode": "managed",
      "type": "aws_nat_gateway",
      "name": "nat-gateway",
      "provider": "provider[\"registry.terraform.io/hashicorp/aws\"]",
      "instances": [
        {
          "schema_version": 0,
          "attributes": {
            "allocation_id": "eipalloc-0278637622bd0572d",
            "association_id": "eipassoc-0058b4c7d9f514455",
            "connectivity_type": "public",
            "id": "nat-060c28370a57026ce",
            "network_interface_id": "eni-0a72844884be6e400",
            "private_ip": "10.0.1.219",
            "public_ip": "44.242.82.147",
            "subnet_id": "subnet-0827161d04bbc6065",
            "tags": {},
            "tags_all": {}
          },
          "sensitive_attributes": [],
          "private": "bnVsbA==",
          "dependencies": [
            "aws_eip.nat_gateway",
            "aws_subnet.public-subnet",
            "aws_vpc.my-vpc",
            "data.aws_availability_zones.available"
          ]
        }
      ]
    },
    {
      "mode": "managed",
      "type": "aws_route_table",
      "name": "instance",
      "provider": "provider[\"registry.terraform.io/hashicorp/aws\"]",
      "instances": [
        {
          "schema_version": 0,
          "attributes": {
            "arn": "arn:aws:ec2:us-west-2:953610586681:route-table/rtb-06e2f0881c474b03f",
            "id": "rtb-06e2f0881c474b03f",
            "owner_id": "953610586681",
            "propagating_vgws": [],
            "route": [
              {
                "carrier_gateway_id": "",
                "cidr_block": "0.0.0.0/0",
                "core_network_arn": "",
                "destination_prefix_list_id": "",
                "egress_only_gateway_id": "",
                "gateway_id": "",
                "ipv6_cidr_block": "",
                "local_gateway_id": "",
                "nat_gateway_id": "nat-060c28370a57026ce",
                "network_interface_id": "",
                "transit_gateway_id": "",
                "vpc_endpoint_id": "",
                "vpc_peering_connection_id": ""
              }
            ],
            "tags": {},
            "tags_all": {},
            "timeouts": null,
            "vpc_id": "vpc-0d2f22d05573d6c19"
          },
          "sensitive_attributes": [],
          "private": "eyJlMmJmYjczMC1lY2FhLTExZTYtOGY4OC0zNDM2M2JjN2M0YzAiOnsiY3JlYXRlIjozMDAwMDAwMDAwMDAsImRlbGV0ZSI6MzAwMDAwMDAwMDAwLCJ1cGRhdGUiOjEyMDAwMDAwMDAwMH19",
          "dependencies": [
            "aws_eip.nat_gateway",
            "aws_nat_gateway.nat-gateway",
            "aws_subnet.public-subnet",
            "aws_vpc.my-vpc",
            "data.aws_availability_zones.available"
          ]
        }
      ]
    },
    {
      "mode": "managed",
      "type": "aws_route_table",
      "name": "nat-gateway",
      "provider": "provider[\"registry.terraform.io/hashicorp/aws\"]",
      "instances": [
        {
          "schema_version": 0,
          "attributes": {
            "arn": "arn:aws:ec2:us-west-2:953610586681:route-table/rtb-0927f7e67b0db328d",
            "id": "rtb-0927f7e67b0db328d",
            "owner_id": "953610586681",
            "propagating_vgws": [],
            "route": [
              {
                "carrier_gateway_id": "",
                "cidr_block": "0.0.0.0/0",
                "core_network_arn": "",
                "destination_prefix_list_id": "",
                "egress_only_gateway_id": "",
                "gateway_id": "igw-04c926ef7e29709d8",
                "ipv6_cidr_block": "",
                "local_gateway_id": "",
                "nat_gateway_id": "",
                "network_interface_id": "",
                "transit_gateway_id": "",
                "vpc_endpoint_id": "",
                "vpc_peering_connection_id": ""
              }
            ],
            "tags": {},
            "tags_all": {},
            "timeouts": null,
            "vpc_id": "vpc-0d2f22d05573d6c19"
          },
          "sensitive_attributes": [],
          "private": "eyJlMmJmYjczMC1lY2FhLTExZTYtOGY4OC0zNDM2M2JjN2M0YzAiOnsiY3JlYXRlIjozMDAwMDAwMDAwMDAsImRlbGV0ZSI6MzAwMDAwMDAwMDAwLCJ1cGRhdGUiOjEyMDAwMDAwMDAwMH19",
          "dependencies": [
            "aws_internet_gateway.nat-gateway",
            "aws_vpc.my-vpc"
          ]
        }
      ]
    },
    {
      "mode": "managed",
      "type": "aws_route_table_association",
      "name": "instance-1",
      "provider": "provider[\"registry.terraform.io/hashicorp/aws\"]",
      "instances": [
        {
          "schema_version": 0,
          "attributes": {
            "gateway_id": "",
            "id": "rtbassoc-09bd3625733e733d9",
            "route_table_id": "rtb-06e2f0881c474b03f",
            "subnet_id": "subnet-01dcf350144692dc4",
            "timeouts": null
          },
          "sensitive_attributes": [],
          "private": "eyJlMmJmYjczMC1lY2FhLTExZTYtOGY4OC0zNDM2M2JjN2M0YzAiOnsiY3JlYXRlIjozMDAwMDAwMDAwMDAsImRlbGV0ZSI6MzAwMDAwMDAwMDAwLCJ1cGRhdGUiOjEyMDAwMDAwMDAwMH19",
          "dependencies": [
            "aws_eip.nat_gateway",
            "aws_nat_gateway.nat-gateway",
            "aws_route_table.instance",
            "aws_subnet.private-subnet-1",
            "aws_subnet.public-subnet",
            "aws_vpc.my-vpc",
            "data.aws_availability_zones.available"
          ]
        }
      ]
    },
    {
      "mode": "managed",
      "type": "aws_route_table_association",
      "name": "instance-2",
      "provider": "provider[\"registry.terraform.io/hashicorp/aws\"]",
      "instances": [
        {
          "schema_version": 0,
          "attributes": {
            "gateway_id": "",
            "id": "rtbassoc-038c103c309d777f8",
            "route_table_id": "rtb-06e2f0881c474b03f",
            "subnet_id": "subnet-0756a53d470e632a9",
            "timeouts": null
          },
          "sensitive_attributes": [],
          "private": "eyJlMmJmYjczMC1lY2FhLTExZTYtOGY4OC0zNDM2M2JjN2M0YzAiOnsiY3JlYXRlIjozMDAwMDAwMDAwMDAsImRlbGV0ZSI6MzAwMDAwMDAwMDAwLCJ1cGRhdGUiOjEyMDAwMDAwMDAwMH19",
          "dependencies": [
            "aws_eip.nat_gateway",
            "aws_nat_gateway.nat-gateway",
            "aws_route_table.instance",
            "aws_subnet.private-subnet-2",
            "aws_subnet.public-subnet",
            "aws_vpc.my-vpc",
            "data.aws_availability_zones.available"
          ]
        }
      ]
    },
    {
      "mode": "managed",
      "type": "aws_route_table_association",
      "name": "nat-gateway",
      "provider": "provider[\"registry.terraform.io/hashicorp/aws\"]",
      "instances": [
        {
          "schema_version": 0,
          "attributes": {
            "gateway_id": "",
            "id": "rtbassoc-08e9cafa495507025",
            "route_table_id": "rtb-0927f7e67b0db328d",
            "subnet_id": "subnet-0827161d04bbc6065",
            "timeouts": null
          },
          "sensitive_attributes": [],
          "private": "eyJlMmJmYjczMC1lY2FhLTExZTYtOGY4OC0zNDM2M2JjN2M0YzAiOnsiY3JlYXRlIjozMDAwMDAwMDAwMDAsImRlbGV0ZSI6MzAwMDAwMDAwMDAwLCJ1cGRhdGUiOjEyMDAwMDAwMDAwMH19",
          "dependencies": [
            "aws_internet_gateway.nat-gateway",
            "aws_route_table.nat-gateway",
            "aws_subnet.public-subnet",
            "aws_vpc.my-vpc",
            "data.aws_availability_zones.available"
          ]
        }
      ]
    },
    {
      "mode": "managed",
      "type": "aws_security_group",
      "name": "rds_security_group",
      "provider": "provider[\"registry.terraform.io/hashicorp/aws\"]",
      "instances": [
        {
          "schema_version": 1,
          "attributes": {
            "arn": "arn:aws:ec2:us-west-2:953610586681:security-group/sg-059815b9cedc85526",
            "description": "Managed by Terraform",
            "egress": [
              {
                "cidr_blocks": [
                  "0.0.0.0/0"
                ],
                "description": "",
                "from_port": 0,
                "ipv6_cidr_blocks": [],
                "prefix_list_ids": [],
                "protocol": "-1",
                "security_groups": [],
                "self": false,
                "to_port": 0
              }
            ],
            "id": "sg-059815b9cedc85526",
            "ingress": [
              {
                "cidr_blocks": [],
                "description": "",
                "from_port": 5432,
                "ipv6_cidr_blocks": [],
                "prefix_list_ids": [],
                "protocol": "tcp",
                "security_groups": [
                  "sg-0d90ef9b9a7c1abbb"
                ],
                "self": false,
                "to_port": 5432
              }
            ],
            "name": "rds_sg",
            "name_prefix": "",
            "owner_id": "953610586681",
            "revoke_rules_on_delete": false,
            "tags": {},
            "tags_all": {},
            "timeouts": null,
            "vpc_id": "vpc-0d2f22d05573d6c19"
          },
          "sensitive_attributes": [],
          "private": "eyJlMmJmYjczMC1lY2FhLTExZTYtOGY4OC0zNDM2M2JjN2M0YzAiOnsiY3JlYXRlIjo2MDAwMDAwMDAwMDAsImRlbGV0ZSI6OTAwMDAwMDAwMDAwfSwic2NoZW1hX3ZlcnNpb24iOiIxIn0=",
          "dependencies": [
            "aws_security_group.security-group",
            "aws_vpc.my-vpc"
          ]
        }
      ]
    },
    {
      "mode": "managed",
      "type": "aws_security_group",
      "name": "security-group",
      "provider": "provider[\"registry.terraform.io/hashicorp/aws\"]",
      "instances": [
        {
          "schema_version": 1,
          "attributes": {
            "arn": "arn:aws:ec2:us-west-2:953610586681:security-group/sg-0d90ef9b9a7c1abbb",
            "description": "Managed by Terraform",
            "egress": [
              {
                "cidr_blocks": [
                  "0.0.0.0/0"
                ],
                "description": "",
                "from_port": 0,
                "ipv6_cidr_blocks": [],
                "prefix_list_ids": [],
                "protocol": "-1",
                "security_groups": [],
                "self": false,
                "to_port": 0
              }
            ],
            "id": "sg-0d90ef9b9a7c1abbb",
            "ingress": [
              {
                "cidr_blocks": [
                  "0.0.0.0/0"
                ],
                "description": "",
                "from_port": 22,
                "ipv6_cidr_blocks": [],
                "prefix_list_ids": [],
                "protocol": "tcp",
                "security_groups": [],
                "self": false,
                "to_port": 22
              },
              {
                "cidr_blocks": [
                  "0.0.0.0/0"
                ],
                "description": "",
                "from_port": 80,
                "ipv6_cidr_blocks": [],
                "prefix_list_ids": [],
                "protocol": "tcp",
                "security_groups": [],
                "self": false,
                "to_port": 80
              }
            ],
            "name": "sg",
            "name_prefix": "",
            "owner_id": "953610586681",
            "revoke_rules_on_delete": false,
            "tags": {},
            "tags_all": {},
            "timeouts": null,
            "vpc_id": "vpc-0d2f22d05573d6c19"
          },
          "sensitive_attributes": [],
          "private": "eyJlMmJmYjczMC1lY2FhLTExZTYtOGY4OC0zNDM2M2JjN2M0YzAiOnsiY3JlYXRlIjo2MDAwMDAwMDAwMDAsImRlbGV0ZSI6OTAwMDAwMDAwMDAwfSwic2NoZW1hX3ZlcnNpb24iOiIxIn0=",
          "dependencies": [
            "aws_vpc.my-vpc"
          ]
        }
      ]
    },
    {
      "mode": "managed",
      "type": "aws_subnet",
      "name": "private-subnet-1",
      "provider": "provider[\"registry.terraform.io/hashicorp/aws\"]",
      "instances": [
        {
          "schema_version": 1,
          "attributes": {
            "arn": "arn:aws:ec2:us-west-2:953610586681:subnet/subnet-01dcf350144692dc4",
            "assign_ipv6_address_on_creation": false,
            "availability_zone": "us-west-2a",
            "availability_zone_id": "usw2-az2",
            "cidr_block": "10.0.2.0/24",
            "customer_owned_ipv4_pool": "",
            "enable_dns64": false,
            "enable_lni_at_device_index": 0,
            "enable_resource_name_dns_a_record_on_launch": false,
            "enable_resource_name_dns_aaaa_record_on_launch": false,
            "id": "subnet-01dcf350144692dc4",
            "ipv6_cidr_block": "",
            "ipv6_cidr_block_association_id": "",
            "ipv6_native": false,
            "map_customer_owned_ip_on_launch": false,
            "map_public_ip_on_launch": false,
            "outpost_arn": "",
            "owner_id": "953610586681",
            "private_dns_hostname_type_on_launch": "ip-name",
            "tags": {},
            "tags_all": {},
            "timeouts": null,
            "vpc_id": "vpc-0d2f22d05573d6c19"
          },
          "sensitive_attributes": [],
          "private": "eyJlMmJmYjczMC1lY2FhLTExZTYtOGY4OC0zNDM2M2JjN2M0YzAiOnsiY3JlYXRlIjo2MDAwMDAwMDAwMDAsImRlbGV0ZSI6MTIwMDAwMDAwMDAwMH0sInNjaGVtYV92ZXJzaW9uIjoiMSJ9",
          "dependencies": [
            "aws_vpc.my-vpc",
            "data.aws_availability_zones.available"
          ]
        }
      ]
    },
    {
      "mode": "managed",
      "type": "aws_subnet",
      "name": "private-subnet-2",
      "provider": "provider[\"registry.terraform.io/hashicorp/aws\"]",
      "instances": [
        {
          "schema_version": 1,
          "attributes": {
            "arn": "arn:aws:ec2:us-west-2:953610586681:subnet/subnet-0756a53d470e632a9",
            "assign_ipv6_address_on_creation": false,
            "availability_zone": "us-west-2b",
            "availability_zone_id": "usw2-az1",
            "cidr_block": "10.0.3.0/24",
            "customer_owned_ipv4_pool": "",
            "enable_dns64": false,
            "enable_lni_at_device_index": 0,
            "enable_resource_name_dns_a_record_on_launch": false,
            "enable_resource_name_dns_aaaa_record_on_launch": false,
            "id": "subnet-0756a53d470e632a9",
            "ipv6_cidr_block": "",
            "ipv6_cidr_block_association_id": "",
            "ipv6_native": false,
            "map_customer_owned_ip_on_launch": false,
            "map_public_ip_on_launch": false,
            "outpost_arn": "",
            "owner_id": "953610586681",
            "private_dns_hostname_type_on_launch": "ip-name",
            "tags": {},
            "tags_all": {},
            "timeouts": null,
            "vpc_id": "vpc-0d2f22d05573d6c19"
          },
          "sensitive_attributes": [],
          "private": "eyJlMmJmYjczMC1lY2FhLTExZTYtOGY4OC0zNDM2M2JjN2M0YzAiOnsiY3JlYXRlIjo2MDAwMDAwMDAwMDAsImRlbGV0ZSI6MTIwMDAwMDAwMDAwMH0sInNjaGVtYV92ZXJzaW9uIjoiMSJ9",
          "dependencies": [
            "aws_vpc.my-vpc",
            "data.aws_availability_zones.available"
          ]
        }
      ]
    },
    {
      "mode": "managed",
      "type": "aws_subnet",
      "name": "public-subnet",
      "provider": "provider[\"registry.terraform.io/hashicorp/aws\"]",
      "instances": [
        {
          "schema_version": 1,
          "attributes": {
            "arn": "arn:aws:ec2:us-west-2:953610586681:subnet/subnet-0827161d04bbc6065",
            "assign_ipv6_address_on_creation": false,
            "availability_zone": "us-west-2a",
            "availability_zone_id": "usw2-az2",
            "cidr_block": "10.0.1.0/24",
            "customer_owned_ipv4_pool": "",
            "enable_dns64": false,
            "enable_lni_at_device_index": 0,
            "enable_resource_name_dns_a_record_on_launch": false,
            "enable_resource_name_dns_aaaa_record_on_launch": false,
            "id": "subnet-0827161d04bbc6065",
            "ipv6_cidr_block": "",
            "ipv6_cidr_block_association_id": "",
            "ipv6_native": false,
            "map_customer_owned_ip_on_launch": false,
            "map_public_ip_on_launch": false,
            "outpost_arn": "",
            "owner_id": "953610586681",
            "private_dns_hostname_type_on_launch": "ip-name",
            "tags": {},
            "tags_all": {},
            "timeouts": null,
            "vpc_id": "vpc-0d2f22d05573d6c19"
          },
          "sensitive_attributes": [],
          "private": "eyJlMmJmYjczMC1lY2FhLTExZTYtOGY4OC0zNDM2M2JjN2M0YzAiOnsiY3JlYXRlIjo2MDAwMDAwMDAwMDAsImRlbGV0ZSI6MTIwMDAwMDAwMDAwMH0sInNjaGVtYV92ZXJzaW9uIjoiMSJ9",
          "dependencies": [
            "aws_vpc.my-vpc",
            "data.aws_availability_zones.available"
          ]
        }
      ]
    },
    {
      "mode": "managed",
      "type": "aws_vpc",
      "name": "my-vpc",
      "provider": "provider[\"registry.terraform.io/hashicorp/aws\"]",
      "instances": [
        {
          "schema_version": 1,
          "attributes": {
            "arn": "arn:aws:ec2:us-west-2:953610586681:vpc/vpc-0d2f22d05573d6c19",
            "assign_generated_ipv6_cidr_block": false,
            "cidr_block": "10.0.0.0/16",
            "default_network_acl_id": "acl-028c5138953c600cc",
            "default_route_table_id": "rtb-0eb9974b496ab7bd6",
            "default_security_group_id": "sg-095c8fe06bb287007",
            "dhcp_options_id": "dopt-07ac4f7e5e63ee080",
            "enable_dns_hostnames": true,
            "enable_dns_support": true,
            "enable_network_address_usage_metrics": false,
            "id": "vpc-0d2f22d05573d6c19",
            "instance_tenancy": "default",
            "ipv4_ipam_pool_id": null,
            "ipv4_netmask_length": null,
            "ipv6_association_id": "",
            "ipv6_cidr_block": "",
            "ipv6_cidr_block_network_border_group": "",
            "ipv6_ipam_pool_id": "",
            "ipv6_netmask_length": 0,
            "main_route_table_id": "rtb-0eb9974b496ab7bd6",
            "owner_id": "953610586681",
            "tags": {},
            "tags_all": {}
          },
          "sensitive_attributes": [],
          "private": "eyJzY2hlbWFfdmVyc2lvbiI6IjEifQ=="
        }
      ]
    },
    {
      "mode": "managed",
      "type": "tls_private_key",
      "name": "ssh",
      "provider": "provider[\"registry.terraform.io/hashicorp/tls\"]",
      "instances": [
        {
          "schema_version": 1,
          "attributes": {
            "algorithm": "RSA",
            "ecdsa_curve": "P224",
            "id": "01f155832077815da77df62e1e43fe76073b4852",
            "private_key_openssh": "-----BEGIN OPENSSH PRIVATE KEY-----\nb3BlbnNzaC1rZXktdjEAAAAABG5vbmUAAAAEbm9uZQAAAAAAAAABAAACFwAAAAdz\nc2gtcnNhAAAAAwEAAQAAAgEA5VPUtbG4m45/9s5Q0TXCOvG+z2x171JU1AuD/oXP\nccur63p++Mg6VggibOXSIseBQFodPVWM7gm6UWvd+rFTvGjdU/LtTMgLzyh9O43k\nUR+FcDZJ1cGN19Dl/F8ZsqIzmID30g4MvupiKCvrg6JXk918EpKNfx0MulZz5zko\nQrUeb3qPGZO/9i2K0JzwJK2hWhg7L2YOH38Nm+ms3Zwze+Tt4gsbYYrWPskKak9U\n6/QtCV2+7yhxgpzKo7uUqypELDBBIWrkx+dxAiIJEic9ld/5TgBBUWao1t7zvKNy\nM7dEWT9+UHzsQQfXU37T8OgLvGwDtFwL/IeqRMiSFb2Yv7QlOJ1EXHHbR5O2bcKf\nkTmYf9W2e+F4OjWVVTnFiEnl5HzMSEpA8p/tJKXH/HqBGFtjnywCRAvQIG0ICx/W\n5xcLU/HCnLz3pQzKM0E78q8/osd7ah4p9asMgd5ZyZSfCT5Y6EdWUy0m9/SI5HAV\nJbc6wX7B0xpJCjNZfNxE6Z/VpegpakC57tQuq/1AO0Fol3G2Z4IVrZgzCLpAooo6\nrBTP2bo7hhvoU2cNXDYMXSzwKdraAn2jY7ltnT5Xlb65gd0xgNkEVZH9Kywd3xMr\nqs4HIfbW1apw8LjKnhM85HItc7Zbexb6hXfCNGkTaqekP1v73EhnCYn+LGw8zwf8\noTMAAAc4VE9Gi1RPRosAAAAHc3NoLXJzYQAAAgEA5VPUtbG4m45/9s5Q0TXCOvG+\nz2x171JU1AuD/oXPccur63p++Mg6VggibOXSIseBQFodPVWM7gm6UWvd+rFTvGjd\nU/LtTMgLzyh9O43kUR+FcDZJ1cGN19Dl/F8ZsqIzmID30g4MvupiKCvrg6JXk918\nEpKNfx0MulZz5zkoQrUeb3qPGZO/9i2K0JzwJK2hWhg7L2YOH38Nm+ms3Zwze+Tt\n4gsbYYrWPskKak9U6/QtCV2+7yhxgpzKo7uUqypELDBBIWrkx+dxAiIJEic9ld/5\nTgBBUWao1t7zvKNyM7dEWT9+UHzsQQfXU37T8OgLvGwDtFwL/IeqRMiSFb2Yv7Ql\nOJ1EXHHbR5O2bcKfkTmYf9W2e+F4OjWVVTnFiEnl5HzMSEpA8p/tJKXH/HqBGFtj\nnywCRAvQIG0ICx/W5xcLU/HCnLz3pQzKM0E78q8/osd7ah4p9asMgd5ZyZSfCT5Y\n6EdWUy0m9/SI5HAVJbc6wX7B0xpJCjNZfNxE6Z/VpegpakC57tQuq/1AO0Fol3G2\nZ4IVrZgzCLpAooo6rBTP2bo7hhvoU2cNXDYMXSzwKdraAn2jY7ltnT5Xlb65gd0x\ngNkEVZH9Kywd3xMrqs4HIfbW1apw8LjKnhM85HItc7Zbexb6hXfCNGkTaqekP1v7\n3EhnCYn+LGw8zwf8oTMAAAADAQABAAACAQDk0CYWPAMEQsRvDyAX/lmT0o0eDQwH\nA9Db2bmThROcaSlaRNjXhYCfQnKG0TA/v2u5N7Cg9/EruM0MXGIZtkDkZoUfM+2N\nhLQzuCRr/YFnZ9oOQjydaQgL48T1cDYFxE1Sxqt+DMKu4tGZX2kX6C0VvhIDvfIs\neGGwsn3moWMIXArIFDMfxAnuqTYuO8hn8E5jxHWZL2y8BFshy5/NZgMAhUTNG2Pw\niUSHVLRtqkYDP5iIFd9iZKoNNkAB6jHGLt/ibystGqi2xLg+9pKyaDDMj7MCHsMN\nYy7nZYEwIKzb6OnrWqy/xkU8BYTVLGBvqDe9gtCXbpgPGZXMF4ua4Ze7G3z4rom7\nYE+s3fUhVHLDZtBWvuBIdq6xWf50awDjtxZfOlBLdlZ1of91iOO3jN4QRz2XcK0b\n6DiaR5dZrgjSZGL5669N3dBrablHwNDx5yjOgYLHqYdiZ4VqhQLtx1TyK6u1SaC4\n4KLMhQQum7TgJpnXJra36sp+t7ecYxvz8c/nS5Qqd31LPH/jw61kbjhLRYsE/FWD\nhzSCiuP8M9yzDioM30mfIL71pCQV52MYDr01cO0fsEzFZD2PmbhjTTBJDkqh4J75\nokOPSNkdlhvdV3Ph1D/LpNa/mnvFhw7Ek9jocyKwiPN+bgYVOY2jmdHv2tgFdVHL\nkPuTPlh9OolaYQAAAQEAyOclHca7jODHf327fIVryE3ioicNF7hHLeOETvCv5vka\nJJBvCNx9+HSXRSos3QHqMTSasPMU+taHjxoZ/jfK/h6GSNYL8K2LnCHNI1E9sxkO\nTh1ZuxaeLdGJY5nmiHQSNCJ6XfobyowYf2P5dWOj25wMD6I+ay+1Kdsxv/UJ0aUS\nsyeNy60IQ+I4xd/AjN0PYMOqPwV4MnC4R3mm+wWG/2hVopVoFewIwlGmH8Fo2gMC\n/IjYyR+AZJlWSF+JrbVkoOiYLgH1hbQQcZIpsMztbrCydZOjY7x3MGruRQSVhsME\nGkXMsADsYuyqfARaKTnCzt3OC2wwqy1wK8hh8iQjCAAAAQEA9sVBbvvyD5lwO7iT\nT+V5bq3FushWQTMmpJ+oi7SbLyLwvHcF/nYXY56DqfH5EPdw42EIDEEaNXS0u2An\nrR0Se6sFAQ2uUWcXOG9u62gzpPfLYQiF9Ercl0pMesSQ+Va+tsZALEiWnFfw/TV4\n1Id8LwM0GjhPptd5HhIVDceAsRotJQFrqTmOClG10dNhkNrwD221ks36GIcApxwj\n4BmpuN1gguANDOwLXNtHlVsNPfFr9pXkds30vFF8zUj704YmOOlAtyE88vL+p1j+\nR96ZjonRDRsodjl/+jXamUHDJXQ5h6Y7k3Euhn3hhNzwF+HdU75Mo9EAVfhrzY7n\nOcAQGwAAAQEA7eeQWB/dV8bQACvFWR1kkyErmHCyvcjAoPkAKjhs6aze17kTcnD6\nAWXwvvoNhrivJRVtL5GiJaQgqKsiBwfotaHqDIGPklpjtjDe9urriY23lfy3mCTw\n+fuwISfjdnaRa2KzzGLcm7mTk7PnAgqg8dfNCEcG5ucAjKMmBkDfWoEWW41yZ+V3\ntyUpFOTYA/yDHcNTV/rp1/JWbGzi22w4Vd3mclCacah32l0TGlmyhWM/B8fOhBBk\n7Fuez9isJAQsfNANabU0MYaF41RoN083BbcknFXpRdcZW4LjRUjH8yaoS3aCD9lV\nLr7fiMl5PYv1UXVxNeOmlP/rEPdaHme0yQAAAAAB\n-----END OPENSSH PRIVATE KEY-----\n",
            "private_key_pem": "-----BEGIN RSA PRIVATE KEY-----\nMIIJKQIBAAKCAgEA5VPUtbG4m45/9s5Q0TXCOvG+z2x171JU1AuD/oXPccur63p+\n+Mg6VggibOXSIseBQFodPVWM7gm6UWvd+rFTvGjdU/LtTMgLzyh9O43kUR+FcDZJ\n1cGN19Dl/F8ZsqIzmID30g4MvupiKCvrg6JXk918EpKNfx0MulZz5zkoQrUeb3qP\nGZO/9i2K0JzwJK2hWhg7L2YOH38Nm+ms3Zwze+Tt4gsbYYrWPskKak9U6/QtCV2+\n7yhxgpzKo7uUqypELDBBIWrkx+dxAiIJEic9ld/5TgBBUWao1t7zvKNyM7dEWT9+\nUHzsQQfXU37T8OgLvGwDtFwL/IeqRMiSFb2Yv7QlOJ1EXHHbR5O2bcKfkTmYf9W2\ne+F4OjWVVTnFiEnl5HzMSEpA8p/tJKXH/HqBGFtjnywCRAvQIG0ICx/W5xcLU/HC\nnLz3pQzKM0E78q8/osd7ah4p9asMgd5ZyZSfCT5Y6EdWUy0m9/SI5HAVJbc6wX7B\n0xpJCjNZfNxE6Z/VpegpakC57tQuq/1AO0Fol3G2Z4IVrZgzCLpAooo6rBTP2bo7\nhhvoU2cNXDYMXSzwKdraAn2jY7ltnT5Xlb65gd0xgNkEVZH9Kywd3xMrqs4HIfbW\n1apw8LjKnhM85HItc7Zbexb6hXfCNGkTaqekP1v73EhnCYn+LGw8zwf8oTMCAwEA\nAQKCAgEA5NAmFjwDBELEbw8gF/5Zk9KNHg0MBwPQ29m5k4UTnGkpWkTY14WAn0Jy\nhtEwP79ruTewoPfxK7jNDFxiGbZA5GaFHzPtjYS0M7gka/2BZ2faDkI8nWkIC+PE\n9XA2BcRNUsarfgzCruLRmV9pF+gtFb4SA73yLHhhsLJ95qFjCFwKyBQzH8QJ7qk2\nLjvIZ/BOY8R1mS9svARbIcufzWYDAIVEzRtj8IlEh1S0bapGAz+YiBXfYmSqDTZA\nAeoxxi7f4m8rLRqotsS4PvaSsmgwzI+zAh7DDWMu52WBMCCs2+jp61qsv8ZFPAWE\n1Sxgb6g3vYLQl26YDxmVzBeLmuGXuxt8+K6Ju2BPrN31IVRyw2bQVr7gSHausVn+\ndGsA47cWXzpQS3ZWdaH/dYjjt4zeEEc9l3CtG+g4mkeXWa4I0mRi+euvTd3Qa2m5\nR8DQ8ecozoGCx6mHYmeFaoUC7cdU8iurtUmguOCizIUELpu04CaZ1ya2t+rKfre3\nnGMb8/HP50uUKnd9Szx/48OtZG44S0WLBPxVg4c0gorj/DPcsw4qDN9JnyC+9aQk\nFedjGA69NXDtH7BMxWQ9j5m4Y00wSQ5KoeCe+aJDj0jZHZYb3Vdz4dQ/y6TWv5p7\nxYcOxJPY6HMisIjzfm4GFTmNo5nR79rYBXVRy5D7kz5YfTqJWmECggEBAPbFQW77\n8g+ZcDu4k0/leW6txbrIVkEzJqSfqIu0my8i8Lx3Bf52F2Oeg6nx+RD3cONhCAxB\nGjV0tLtgJ60dEnurBQENrlFnFzhvbutoM6T3y2EIhfRK3JdKTHrEkPlWvrbGQCxI\nlpxX8P01eNSHfC8DNBo4T6bXeR4SFQ3HgLEaLSUBa6k5jgpRtdHTYZDa8A9ttZLN\n+hiHAKccI+AZqbjdYILgDQzsC1zbR5VbDT3xa/aV5HbN9LxRfM1I+9OGJjjpQLch\nPPLy/qdY/kfemY6J0Q0bKHY5f/o12plBwyV0OYemO5NxLoZ94YTc8Bfh3VO+TKPR\nAFX4a82O5znAEBsCggEBAO3nkFgf3VfG0AArxVkdZJMhK5hwsr3IwKD5ACo4bOms\n3te5E3Jw+gFl8L76DYa4ryUVbS+RoiWkIKirIgcH6LWh6gyBj5JaY7Yw3vbq64mN\nt5X8t5gk8Pn7sCEn43Z2kWtis8xi3Ju5k5Oz5wIKoPHXzQhHBubnAIyjJgZA31qB\nFluNcmfld7clKRTk2AP8gx3DU1f66dfyVmxs4ttsOFXd5nJQmnGod9pdExpZsoVj\nPwfHzoQQZOxbns/YrCQELHzQDWm1NDGGheNUaDdPNwW3JJxV6UXXGVuC40VIx/Mm\nqEt2gg/ZVS6+34jJeT2L9VF1cTXjppT/6xD3Wh5ntMkCggEAYUVF0qKbOsznsZLC\n9oZkxFzZCRQ488Be5htNC6yoUv8514AvK6uO8qSkD5Qi8i4nIGm6C2KKGzIin416\ndkF0bKzv7wdehBXX0FYUadSMLuXCFECQ1MfBhh0yYl4jKzWnPVKOLyZ5v6zmgFjY\nhSXWrI1dt0wlEYXz5weHpwPR1X2U9/ZEYtMeCzFEMy5YUgoLAHnlTbXFdG+asURl\nW8uh3A3fIheA7WwJ2pNQ9y2J3bXRMcTJ5o6ufqC8SgsPwMQrQtmmucjvRnDEMmDg\n8qFq9AWdEsZ2v4tQx+b8gNasPpI+rxq2dxrxFPB/uaiBN1i/rmffu98Be+HNVJyU\nxm3PqwKCAQB0pTYjzzPSptszSkLPx9aZQQlEC/XHkdfI1W2cReA4zpbQhKEhWn1q\nFBZvPOFG7eSKNTA8w5YSCKAuswHTGrCh5cqA6UGAy6raGKopvNNRtVePRcKq6Wnx\n19Lq3sjrO4VfdpybmNl7zQirweiBGr8A9QNFjLW4nwio7BFnvYUFtgdFSlwOzvbc\nqG61HONBSRzsiemiWJcxV1PCg7zTQwN4Ln2gDR88nRJu0XXdVJ9wQVIVOYVrQTKK\npP2AAUedvSIm7Ee3Ta5Snheld6xFeiSLO9nKgWEH6kg3kzxlqyLGeGzJ20g4ByJ5\n8gJd6hL091uH3iJs/rqdkcEqp2zbPZPpAoIBAQDI5yUdxruM4Md/fbt8hWvITeKi\nJw0XuEct44RO8K/m+RokkG8I3H34dJdFKizdAeoxNJqw8xT61oePGhn+N8r+HoZI\n1gvwrYucIc0jUT2zGQ5OHVm7Fp4t0YljmeaIdBI0Inpd+hvKjBh/Y/l1Y6PbnAwP\noj5rL7Up2zG/9QnRpRKzJ43LrQhD4jjF38CM3Q9gw6o/BXgycLhHeab7BYb/aFWi\nlWgV7AjCUaYfwWjaAwL8iNjJH4BkmVZIX4mttWSg6JguAfWFtBBxkimwzO1usLJ1\nk6NjvHcwau5FBJWGwwQaRcywAOxi7Kp8BFopOcLO3c4LbDCrLXAryGHyJCMI\n-----END RSA PRIVATE KEY-----\n",
            "private_key_pem_pkcs8": "-----BEGIN PRIVATE KEY-----\nMIIJQwIBADANBgkqhkiG9w0BAQEFAASCCS0wggkpAgEAAoICAQDlU9S1sbibjn/2\nzlDRNcI68b7PbHXvUlTUC4P+hc9xy6vren74yDpWCCJs5dIix4FAWh09VYzuCbpR\na936sVO8aN1T8u1MyAvPKH07jeRRH4VwNknVwY3X0OX8XxmyojOYgPfSDgy+6mIo\nK+uDoleT3XwSko1/HQy6VnPnOShCtR5veo8Zk7/2LYrQnPAkraFaGDsvZg4ffw2b\n6azdnDN75O3iCxthitY+yQpqT1Tr9C0JXb7vKHGCnMqju5SrKkQsMEEhauTH53EC\nIgkSJz2V3/lOAEFRZqjW3vO8o3Izt0RZP35QfOxBB9dTftPw6Au8bAO0XAv8h6pE\nyJIVvZi/tCU4nURccdtHk7Ztwp+ROZh/1bZ74Xg6NZVVOcWISeXkfMxISkDyn+0k\npcf8eoEYW2OfLAJEC9AgbQgLH9bnFwtT8cKcvPelDMozQTvyrz+ix3tqHin1qwyB\n3lnJlJ8JPljoR1ZTLSb39IjkcBUltzrBfsHTGkkKM1l83ETpn9Wl6ClqQLnu1C6r\n/UA7QWiXcbZnghWtmDMIukCiijqsFM/ZujuGG+hTZw1cNgxdLPAp2toCfaNjuW2d\nPleVvrmB3TGA2QRVkf0rLB3fEyuqzgch9tbVqnDwuMqeEzzkci1ztlt7FvqFd8I0\naRNqp6Q/W/vcSGcJif4sbDzPB/yhMwIDAQABAoICAQDk0CYWPAMEQsRvDyAX/lmT\n0o0eDQwHA9Db2bmThROcaSlaRNjXhYCfQnKG0TA/v2u5N7Cg9/EruM0MXGIZtkDk\nZoUfM+2NhLQzuCRr/YFnZ9oOQjydaQgL48T1cDYFxE1Sxqt+DMKu4tGZX2kX6C0V\nvhIDvfIseGGwsn3moWMIXArIFDMfxAnuqTYuO8hn8E5jxHWZL2y8BFshy5/NZgMA\nhUTNG2PwiUSHVLRtqkYDP5iIFd9iZKoNNkAB6jHGLt/ibystGqi2xLg+9pKyaDDM\nj7MCHsMNYy7nZYEwIKzb6OnrWqy/xkU8BYTVLGBvqDe9gtCXbpgPGZXMF4ua4Ze7\nG3z4rom7YE+s3fUhVHLDZtBWvuBIdq6xWf50awDjtxZfOlBLdlZ1of91iOO3jN4Q\nRz2XcK0b6DiaR5dZrgjSZGL5669N3dBrablHwNDx5yjOgYLHqYdiZ4VqhQLtx1Ty\nK6u1SaC44KLMhQQum7TgJpnXJra36sp+t7ecYxvz8c/nS5Qqd31LPH/jw61kbjhL\nRYsE/FWDhzSCiuP8M9yzDioM30mfIL71pCQV52MYDr01cO0fsEzFZD2PmbhjTTBJ\nDkqh4J75okOPSNkdlhvdV3Ph1D/LpNa/mnvFhw7Ek9jocyKwiPN+bgYVOY2jmdHv\n2tgFdVHLkPuTPlh9OolaYQKCAQEA9sVBbvvyD5lwO7iTT+V5bq3FushWQTMmpJ+o\ni7SbLyLwvHcF/nYXY56DqfH5EPdw42EIDEEaNXS0u2AnrR0Se6sFAQ2uUWcXOG9u\n62gzpPfLYQiF9Ercl0pMesSQ+Va+tsZALEiWnFfw/TV41Id8LwM0GjhPptd5HhIV\nDceAsRotJQFrqTmOClG10dNhkNrwD221ks36GIcApxwj4BmpuN1gguANDOwLXNtH\nlVsNPfFr9pXkds30vFF8zUj704YmOOlAtyE88vL+p1j+R96ZjonRDRsodjl/+jXa\nmUHDJXQ5h6Y7k3Euhn3hhNzwF+HdU75Mo9EAVfhrzY7nOcAQGwKCAQEA7eeQWB/d\nV8bQACvFWR1kkyErmHCyvcjAoPkAKjhs6aze17kTcnD6AWXwvvoNhrivJRVtL5Gi\nJaQgqKsiBwfotaHqDIGPklpjtjDe9urriY23lfy3mCTw+fuwISfjdnaRa2KzzGLc\nm7mTk7PnAgqg8dfNCEcG5ucAjKMmBkDfWoEWW41yZ+V3tyUpFOTYA/yDHcNTV/rp\n1/JWbGzi22w4Vd3mclCacah32l0TGlmyhWM/B8fOhBBk7Fuez9isJAQsfNANabU0\nMYaF41RoN083BbcknFXpRdcZW4LjRUjH8yaoS3aCD9lVLr7fiMl5PYv1UXVxNeOm\nlP/rEPdaHme0yQKCAQBhRUXSops6zOexksL2hmTEXNkJFDjzwF7mG00LrKhS/znX\ngC8rq47ypKQPlCLyLicgaboLYoobMiKfjXp2QXRsrO/vB16EFdfQVhRp1Iwu5cIU\nQJDUx8GGHTJiXiMrNac9Uo4vJnm/rOaAWNiFJdasjV23TCURhfPnB4enA9HVfZT3\n9kRi0x4LMUQzLlhSCgsAeeVNtcV0b5qxRGVby6HcDd8iF4DtbAnak1D3LYndtdEx\nxMnmjq5+oLxKCw/AxCtC2aa5yO9GcMQyYODyoWr0BZ0Sxna/i1DH5vyA1qw+kj6v\nGrZ3GvEU8H+5qIE3WL+uZ9+73wF74c1UnJTGbc+rAoIBAHSlNiPPM9Km2zNKQs/H\n1plBCUQL9ceR18jVbZxF4DjOltCEoSFafWoUFm884Ubt5Io1MDzDlhIIoC6zAdMa\nsKHlyoDpQYDLqtoYqim801G1V49FwqrpafHX0ureyOs7hV92nJuY2XvNCKvB6IEa\nvwD1A0WMtbifCKjsEWe9hQW2B0VKXA7O9tyobrUc40FJHOyJ6aJYlzFXU8KDvNND\nA3gufaANHzydEm7Rdd1Un3BBUhU5hWtBMoqk/YABR529IibsR7dNrlKeF6V3rEV6\nJIs72cqBYQfqSDeTPGWrIsZ4bMnbSDgHInnyAl3qEvT3W4feImz+up2RwSqnbNs9\nk+kCggEBAMjnJR3Gu4zgx399u3yFa8hN4qInDRe4Ry3jhE7wr+b5GiSQbwjcffh0\nl0UqLN0B6jE0mrDzFPrWh48aGf43yv4ehkjWC/Cti5whzSNRPbMZDk4dWbsWni3R\niWOZ5oh0EjQiel36G8qMGH9j+XVjo9ucDA+iPmsvtSnbMb/1CdGlErMnjcutCEPi\nOMXfwIzdD2DDqj8FeDJwuEd5pvsFhv9oVaKVaBXsCMJRph/BaNoDAvyI2MkfgGSZ\nVkhfia21ZKDomC4B9YW0EHGSKbDM7W6wsnWTo2O8dzBq7kUElYbDBBpFzLAA7GLs\nqnwEWik5ws7dzgtsMKstcCvIYfIkIwg=\n-----END PRIVATE KEY-----\n",
            "public_key_fingerprint_md5": "38:29:fb:30:d3:2a:75:0d:96:1c:77:f7:b4:29:d8:95",
            "public_key_fingerprint_sha256": "SHA256:OtCFg6WY497ZfB26H/q1CyDLSB20OWiBwwjtKUb4/ec",
            "public_key_openssh": "ssh-rsa AAAAB3NzaC1yc2EAAAADAQABAAACAQDlU9S1sbibjn/2zlDRNcI68b7PbHXvUlTUC4P+hc9xy6vren74yDpWCCJs5dIix4FAWh09VYzuCbpRa936sVO8aN1T8u1MyAvPKH07jeRRH4VwNknVwY3X0OX8XxmyojOYgPfSDgy+6mIoK+uDoleT3XwSko1/HQy6VnPnOShCtR5veo8Zk7/2LYrQnPAkraFaGDsvZg4ffw2b6azdnDN75O3iCxthitY+yQpqT1Tr9C0JXb7vKHGCnMqju5SrKkQsMEEhauTH53ECIgkSJz2V3/lOAEFRZqjW3vO8o3Izt0RZP35QfOxBB9dTftPw6Au8bAO0XAv8h6pEyJIVvZi/tCU4nURccdtHk7Ztwp+ROZh/1bZ74Xg6NZVVOcWISeXkfMxISkDyn+0kpcf8eoEYW2OfLAJEC9AgbQgLH9bnFwtT8cKcvPelDMozQTvyrz+ix3tqHin1qwyB3lnJlJ8JPljoR1ZTLSb39IjkcBUltzrBfsHTGkkKM1l83ETpn9Wl6ClqQLnu1C6r/UA7QWiXcbZnghWtmDMIukCiijqsFM/ZujuGG+hTZw1cNgxdLPAp2toCfaNjuW2dPleVvrmB3TGA2QRVkf0rLB3fEyuqzgch9tbVqnDwuMqeEzzkci1ztlt7FvqFd8I0aRNqp6Q/W/vcSGcJif4sbDzPB/yhMw==\n",
            "public_key_pem": "-----BEGIN PUBLIC KEY-----\nMIICIjANBgkqhkiG9w0BAQEFAAOCAg8AMIICCgKCAgEA5VPUtbG4m45/9s5Q0TXC\nOvG+z2x171JU1AuD/oXPccur63p++Mg6VggibOXSIseBQFodPVWM7gm6UWvd+rFT\nvGjdU/LtTMgLzyh9O43kUR+FcDZJ1cGN19Dl/F8ZsqIzmID30g4MvupiKCvrg6JX\nk918EpKNfx0MulZz5zkoQrUeb3qPGZO/9i2K0JzwJK2hWhg7L2YOH38Nm+ms3Zwz\ne+Tt4gsbYYrWPskKak9U6/QtCV2+7yhxgpzKo7uUqypELDBBIWrkx+dxAiIJEic9\nld/5TgBBUWao1t7zvKNyM7dEWT9+UHzsQQfXU37T8OgLvGwDtFwL/IeqRMiSFb2Y\nv7QlOJ1EXHHbR5O2bcKfkTmYf9W2e+F4OjWVVTnFiEnl5HzMSEpA8p/tJKXH/HqB\nGFtjnywCRAvQIG0ICx/W5xcLU/HCnLz3pQzKM0E78q8/osd7ah4p9asMgd5ZyZSf\nCT5Y6EdWUy0m9/SI5HAVJbc6wX7B0xpJCjNZfNxE6Z/VpegpakC57tQuq/1AO0Fo\nl3G2Z4IVrZgzCLpAooo6rBTP2bo7hhvoU2cNXDYMXSzwKdraAn2jY7ltnT5Xlb65\ngd0xgNkEVZH9Kywd3xMrqs4HIfbW1apw8LjKnhM85HItc7Zbexb6hXfCNGkTaqek\nP1v73EhnCYn+LGw8zwf8oTMCAwEAAQ==\n-----END PUBLIC KEY-----\n",
            "rsa_bits": 4096
          },
          "sensitive_attributes": []
        }
      ]
    }
  ],
  "check_results": null
}
